lockVersion: 2.0.0
id: 663b59eb-f072-4d8f-ac56-5e3648d7c3eb
management:
  docChecksum: 998f6552c41b6b3b7ff66d3f2d784f6a
  docVersion: 11.11.0
  speakeasyVersion: 1.213.0
  generationVersion: 2.283.1
  releaseVersion: 0.6.7
  configChecksum: 319aa7893e988e114572deccd7a5e7ee
  repoURL: https://github.com/speakeasy-sdks/akaris-backend-ts.git
  repoSubDirectory: .
  installationURL: https://github.com/speakeasy-sdks/akaris-backend-ts
features:
  typescript:
    core: 3.4.8
    globalSecurity: 2.82.5
    globalServerURLs: 2.82.2
generatedFiles:
  - src/sdk/hotelavailability.ts
  - src/sdk/reservationhotel.ts
  - src/sdk/hotelrules.ts
  - src/sdk/searchhotel.ts
  - src/sdk/precisionsearchhotel.ts
  - src/sdk/sdk.ts
  - .eslintrc.yml
  - jest.config.js
  - package-lock.json
  - package.json
  - src/index.ts
  - src/internal/utils/contenttype.ts
  - src/internal/utils/headers.ts
  - src/internal/utils/index.ts
  - src/internal/utils/pathparams.ts
  - src/internal/utils/queryparams.ts
  - src/internal/utils/requestbody.ts
  - src/internal/utils/retries.ts
  - src/internal/utils/security.ts
  - src/internal/utils/utils.ts
  - src/sdk/index.ts
  - src/sdk/models/errors/sdkerror.ts
  - src/sdk/types/index.ts
  - src/sdk/types/rfcdate.ts
  - tsconfig.json
  - src/sdk/models/operations/createhotelavailability.ts
  - src/sdk/models/operations/hotelavailabilityfromproperties.ts
  - src/sdk/models/operations/buildhotelreservation.ts
  - src/sdk/models/operations/cancelhoteloffer.ts
  - src/sdk/models/operations/createhotelreservation.ts
  - src/sdk/models/operations/retrievehotelreservation.ts
  - src/sdk/models/operations/updatehotelreservation.ts
  - src/sdk/models/operations/buildfromcatalogofferings.ts
  - src/sdk/models/operations/buildhotelrulesfromcatalogoffering.ts
  - src/sdk/models/operations/createhotelrules.ts
  - src/sdk/models/operations/create.ts
  - src/sdk/models/operations/getpropertiesdetail.ts
  - src/sdk/models/operations/getpropertiespage.ts
  - src/sdk/models/operations/searchproperties.ts
  - src/sdk/models/operations/createprecision.ts
  - src/sdk/models/operations/precisionsearchproperties.ts
  - src/sdk/models/shared/catalogofferingshospitalityresponsewrapper.ts
  - src/sdk/models/shared/catalogofferingshospitalityresponse.ts
  - src/sdk/models/shared/result.ts
  - src/sdk/models/shared/resultstatusenum.ts
  - src/sdk/models/shared/warning.ts
  - src/sdk/models/shared/namevaluepair.ts
  - src/sdk/models/shared/error.ts
  - src/sdk/models/shared/referencelist.ts
  - src/sdk/models/shared/nextsteps.ts
  - src/sdk/models/shared/nextstep.ts
  - src/sdk/models/shared/nextstepmethodenum.ts
  - src/sdk/models/shared/identifier.ts
  - src/sdk/models/shared/currencyrateconversion.ts
  - src/sdk/models/shared/currencycode.ts
  - src/sdk/models/shared/conversionrate.ts
  - src/sdk/models/shared/catalogofferings.ts
  - src/sdk/models/shared/catalogoffering.ts
  - src/sdk/models/shared/termsandconditions.ts
  - src/sdk/models/shared/customerloyalty.ts
  - src/sdk/models/shared/productoptions.ts
  - src/sdk/models/shared/productid.ts
  - src/sdk/models/shared/pricedetail.ts
  - src/sdk/models/shared/vendorcurrencytotal.ts
  - src/sdk/models/shared/currencysourceenum.ts
  - src/sdk/models/shared/taxes.ts
  - src/sdk/models/shared/taxinfo.ts
  - src/sdk/models/shared/taxbreakdown.ts
  - src/sdk/models/shared/fees.ts
  - src/sdk/models/shared/pricebreakdown.ts
  - src/sdk/models/shared/commission.ts
  - src/sdk/models/shared/commissionenum.ts
  - src/sdk/models/shared/amount.ts
  - src/sdk/models/shared/ancillaryofferingid.ts
  - src/sdk/models/shared/catalogofferingsqueryrequesthospitalitywrapper.ts
  - src/sdk/models/shared/catalogofferingsqueryrequest.ts
  - src/sdk/models/shared/catalogofferingsrequesthospitality.ts
  - src/sdk/models/shared/dateordatewindows.ts
  - src/sdk/models/shared/durationunitenum.ts
  - src/sdk/models/shared/searchcontrolconsolechannelid.ts
  - src/sdk/models/shared/currencyamount.ts
  - src/sdk/models/shared/hotelsearchcriterion.ts
  - src/sdk/models/shared/roomstaycandidates.ts
  - src/sdk/models/shared/roomstaycandidate.ts
  - src/sdk/models/shared/roomamenity.ts
  - src/sdk/models/shared/guestcounts.ts
  - src/sdk/models/shared/guestcount.ts
  - src/sdk/models/shared/ratecandidates.ts
  - src/sdk/models/shared/ratecandidate.ts
  - src/sdk/models/shared/ratecategoryenum.ts
  - src/sdk/models/shared/propertyrequest.ts
  - src/sdk/models/shared/propertykey.ts
  - src/sdk/models/shared/catalogofferingsquerybuildfrompropertieswrapper.ts
  - src/sdk/models/shared/catalogofferingsquerybuildfromproperties.ts
  - src/sdk/models/shared/buildfromproperties.ts
  - src/sdk/models/shared/reservationresponsewrapper.ts
  - src/sdk/models/shared/reservationresponse.ts
  - src/sdk/models/shared/reservationid.ts
  - src/sdk/models/shared/reservationquerybuildwrapper.ts
  - src/sdk/models/shared/reservationquerybuild.ts
  - src/sdk/models/shared/reservationbuild.ts
  - src/sdk/models/shared/travelerid.ts
  - src/sdk/models/shared/travelagency.ts
  - src/sdk/models/shared/organizationtypeenum.ts
  - src/sdk/models/shared/companyname.ts
  - src/sdk/models/shared/specialserviceid.ts
  - src/sdk/models/shared/reservationcommentid.ts
  - src/sdk/models/shared/receiptconfirmation.ts
  - src/sdk/models/shared/confirmation.ts
  - src/sdk/models/shared/primarycontactid.ts
  - src/sdk/models/shared/preferenceid.ts
  - src/sdk/models/shared/paymentid.ts
  - src/sdk/models/shared/formofpaymentid.ts
  - src/sdk/models/shared/documentoverridesid.ts
  - src/sdk/models/shared/accountingid.ts
  - src/sdk/models/shared/reservationdetailwrapper.ts
  - src/sdk/models/shared/reservationdetail.ts
  - src/sdk/models/shared/travelerproduct.ts
  - src/sdk/models/shared/confirmationstatusenum.ts
  - src/sdk/models/shared/traveler.ts
  - src/sdk/models/shared/genderenum.ts
  - src/sdk/models/shared/traveldocument.ts
  - src/sdk/models/shared/doctypecodeenum.ts
  - src/sdk/models/shared/personname.ts
  - src/sdk/models/shared/telephone.ts
  - src/sdk/models/shared/enumtelephonerole.ts
  - src/sdk/models/shared/raildiscountcard.ts
  - src/sdk/models/shared/email.ts
  - src/sdk/models/shared/yesnoinheritenum.ts
  - src/sdk/models/shared/optinstatusenum.ts
  - src/sdk/models/shared/comments.ts
  - src/sdk/models/shared/comment.ts
  - src/sdk/models/shared/alternatecontact.ts
  - src/sdk/models/shared/address.ts
  - src/sdk/models/shared/enumaddressrole.ts
  - src/sdk/models/shared/stateprov.ts
  - src/sdk/models/shared/addressstreetnumber.ts
  - src/sdk/models/shared/country.ts
  - src/sdk/models/shared/addressbldgroom.ts
  - src/sdk/models/shared/specialservice.ts
  - src/sdk/models/shared/traveleridentifier.ts
  - src/sdk/models/shared/status.ts
  - src/sdk/models/shared/appliesto.ts
  - src/sdk/models/shared/shoppingcart.ts
  - src/sdk/models/shared/productair.ts
  - src/sdk/models/shared/passengerflight.ts
  - src/sdk/models/shared/flightproduct.ts
  - src/sdk/models/shared/yesnounknownenum.ts
  - src/sdk/models/shared/faretypeenum.ts
  - src/sdk/models/shared/cabinairenum.ts
  - src/sdk/models/shared/farequalifierenum.ts
  - src/sdk/models/shared/farequalifierenumbase.ts
  - src/sdk/models/shared/customerloyaltycredit.ts
  - src/sdk/models/shared/classofserviceavailability.ts
  - src/sdk/models/shared/availabilitystatusenum.ts
  - src/sdk/models/shared/brandid.ts
  - src/sdk/models/shared/flightsegment.ts
  - src/sdk/models/shared/operationalstatusenum.ts
  - src/sdk/models/shared/operationalstatusenumbase.ts
  - src/sdk/models/shared/flightid.ts
  - src/sdk/models/shared/measurement.ts
  - src/sdk/models/shared/unitofmeasureenum.ts
  - src/sdk/models/shared/measurementtypeenum.ts
  - src/sdk/models/shared/reservationdisplaysequence.ts
  - src/sdk/models/shared/displaysequence.ts
  - src/sdk/models/shared/reservationcomment.ts
  - src/sdk/models/shared/sharewithenum.ts
  - src/sdk/models/shared/commentsourceenum.ts
  - src/sdk/models/shared/receipt.ts
  - src/sdk/models/shared/primarycontact.ts
  - src/sdk/models/shared/preference.ts
  - src/sdk/models/shared/payment.ts
  - src/sdk/models/shared/traveleridentifierref.ts
  - src/sdk/models/shared/offeridentifier.ts
  - src/sdk/models/shared/formofpaymentidentifier.ts
  - src/sdk/models/shared/extendedpayment.ts
  - src/sdk/models/shared/agencyservicefeeidentifier.ts
  - src/sdk/models/shared/organizationloyaltyprogram.ts
  - src/sdk/models/shared/offerlink.ts
  - src/sdk/models/shared/parentoffer.ts
  - src/sdk/models/shared/offer.ts
  - src/sdk/models/shared/termsandconditionsfull.ts
  - src/sdk/models/shared/textblock.ts
  - src/sdk/models/shared/textformatted.ts
  - src/sdk/models/shared/textformatenum.ts
  - src/sdk/models/shared/price.ts
  - src/sdk/models/shared/documentoverrides.ts
  - src/sdk/models/shared/tourcodes.ts
  - src/sdk/models/shared/tourcode.ts
  - src/sdk/models/shared/tourcodetypeenum.ts
  - src/sdk/models/shared/ticketdesignators.ts
  - src/sdk/models/shared/restrictions.ts
  - src/sdk/models/shared/documenttypeenum.ts
  - src/sdk/models/shared/productidentifier.ts
  - src/sdk/models/shared/netremitinfo.ts
  - src/sdk/models/shared/filedamount.ts
  - src/sdk/models/shared/destinationpurpose.ts
  - src/sdk/models/shared/purposeenum.ts
  - src/sdk/models/shared/destinationenum.ts
  - src/sdk/models/shared/commissions.ts
  - src/sdk/models/shared/commissionapplyenum.ts
  - src/sdk/models/shared/changefeecollectionmethod.ts
  - src/sdk/models/shared/changefeemethodenum.ts
  - src/sdk/models/shared/changefeemethodenumbase.ts
  - src/sdk/models/shared/agencyservicefee.ts
  - src/sdk/models/shared/tax.ts
  - src/sdk/models/shared/documentnumber.ts
  - src/sdk/models/shared/accounting.ts
  - src/sdk/models/shared/identifiertypeenum.ts
  - src/sdk/models/shared/offerhospitalityresponsewrapper.ts
  - src/sdk/models/shared/offerhospitalityresponse.ts
  - src/sdk/models/shared/offerquerybuildfromcatalogofferingshospitalitywrapper.ts
  - src/sdk/models/shared/offerquerybuildfromcatalogofferingshospitality.ts
  - src/sdk/models/shared/buildfromcatalogofferingsrequest.ts
  - src/sdk/models/shared/catalogofferingsidentifier.ts
  - src/sdk/models/shared/catalogofferingidentifier.ts
  - src/sdk/models/shared/ancillaryofferingidentifier.ts
  - src/sdk/models/shared/offerquerybuildfromcatalogofferingwrapper.ts
  - src/sdk/models/shared/offerquerybuildfromcatalogoffering.ts
  - src/sdk/models/shared/buildfromcatalogofferinghospitality.ts
  - src/sdk/models/shared/offerqueryhospitalityrequestwrapper.ts
  - src/sdk/models/shared/offerqueryhospitalityrequest.ts
  - src/sdk/models/shared/hotelaggregatorenum.ts
  - src/sdk/models/shared/propertiesresponsewrapper.ts
  - src/sdk/models/shared/propertiesresponse.ts
  - src/sdk/models/shared/properties.ts
  - src/sdk/models/shared/propertyinfo.ts
  - src/sdk/models/shared/propertydetail.ts
  - src/sdk/models/shared/virtualtour.ts
  - src/sdk/models/shared/textfree.ts
  - src/sdk/models/shared/restaurant.ts
  - src/sdk/models/shared/distance.ts
  - src/sdk/models/shared/unitofdistanceenum.ts
  - src/sdk/models/shared/rating.ts
  - src/sdk/models/shared/propertyamenity.ts
  - src/sdk/models/shared/operationtimes.ts
  - src/sdk/models/shared/dayofweekenum.ts
  - src/sdk/models/shared/petpolicy.ts
  - src/sdk/models/shared/texttitleanddescription.ts
  - src/sdk/models/shared/meetingrooms.ts
  - src/sdk/models/shared/meetingroom.ts
  - src/sdk/models/shared/unitofsize.ts
  - src/sdk/models/shared/image.ts
  - src/sdk/models/shared/pictureofenum.ts
  - src/sdk/models/shared/imagesizeenum.ts
  - src/sdk/models/shared/guestroominfo.ts
  - src/sdk/models/shared/geolocation.ts
  - src/sdk/models/shared/positionaccuracyenum.ts
  - src/sdk/models/shared/checkinoutpolicy.ts
  - src/sdk/models/shared/service.ts
  - src/sdk/models/shared/attraction.ts
  - src/sdk/models/shared/otacodewithdescription.ts
  - src/sdk/models/shared/maximumavailablerate.ts
  - src/sdk/models/shared/propertiesqueryspecificpropertylistwrapper.ts
  - src/sdk/models/shared/propertiesqueryspecificpropertylist.ts
  - src/sdk/models/shared/propertiesquerysearchwrapper.ts
  - src/sdk/models/shared/propertiesquerysearch.ts
  - src/sdk/models/shared/hotelsortorderenum.ts
  - src/sdk/models/shared/searchby.ts
  - src/sdk/models/shared/propertiesqueryspecificprecisionpropertylistwrapper.ts
  - src/sdk/models/shared/propertiesqueryspecificprecisionpropertylist.ts
  - src/sdk/models/shared/mealsincluded.ts
  - src/sdk/models/shared/propertiesqueryprecisionsearchwrapper.ts
  - src/sdk/models/shared/propertiesqueryprecisionsearch.ts
  - src/sdk/models/shared/security.ts
  - src/sdk/models/errors/baseresponse.ts
  - src/sdk/models/errors/index.ts
  - src/sdk/models/operations/index.ts
  - src/sdk/models/shared/index.ts
  - docs/sdk/models/operations/createhotelavailabilityrequest.md
  - docs/sdk/models/operations/createhotelavailabilityresponse.md
  - docs/sdk/models/operations/hotelavailabilityfrompropertiesrequest.md
  - docs/sdk/models/operations/hotelavailabilityfrompropertiesresponse.md
  - docs/sdk/models/operations/buildhotelreservationrequest.md
  - docs/sdk/models/operations/buildhotelreservationresponse.md
  - docs/sdk/models/operations/cancelhotelofferrequest.md
  - docs/sdk/models/operations/cancelhotelofferresponse.md
  - docs/sdk/models/operations/createhotelreservationrequest.md
  - docs/sdk/models/operations/createhotelreservationresponse.md
  - docs/sdk/models/operations/retrievehotelreservationrequest.md
  - docs/sdk/models/operations/retrievehotelreservationresponse.md
  - docs/sdk/models/operations/updatehotelreservationrequest.md
  - docs/sdk/models/operations/updatehotelreservationresponse.md
  - docs/sdk/models/operations/buildfromcatalogofferingsrequest.md
  - docs/sdk/models/operations/buildfromcatalogofferingsresponse.md
  - docs/sdk/models/operations/buildhotelrulesfromcatalogofferingrequest.md
  - docs/sdk/models/operations/buildhotelrulesfromcatalogofferingresponse.md
  - docs/sdk/models/operations/createhotelrulesrequest.md
  - docs/sdk/models/operations/createhotelrulesresponse.md
  - docs/sdk/models/operations/createrequest.md
  - docs/sdk/models/operations/createresponse.md
  - docs/sdk/models/operations/getpropertiesdetailrequest.md
  - docs/sdk/models/operations/getpropertiesdetailresponse.md
  - docs/sdk/models/operations/getpropertiespagerequest.md
  - docs/sdk/models/operations/getpropertiespageresponse.md
  - docs/sdk/models/operations/searchpropertiesrequest.md
  - docs/sdk/models/operations/searchpropertiesresponse.md
  - docs/sdk/models/operations/createprecisionrequest.md
  - docs/sdk/models/operations/createprecisionresponse.md
  - docs/sdk/models/operations/precisionsearchpropertiesrequest.md
  - docs/sdk/models/operations/precisionsearchpropertiesresponse.md
  - docs/sdk/models/shared/catalogofferingshospitalityresponsewrapper.md
  - docs/sdk/models/shared/catalogofferingshospitalityresponse.md
  - docs/sdk/models/shared/result.md
  - docs/sdk/models/shared/resultstatusenum.md
  - docs/sdk/models/shared/warning.md
  - docs/sdk/models/shared/namevaluepair.md
  - docs/sdk/models/shared/errort.md
  - docs/sdk/models/shared/referencelist.md
  - docs/sdk/models/shared/nextsteps.md
  - docs/sdk/models/shared/nextstep.md
  - docs/sdk/models/shared/nextstepmethodenum.md
  - docs/sdk/models/shared/identifier.md
  - docs/sdk/models/shared/currencyrateconversion.md
  - docs/sdk/models/shared/currencycode.md
  - docs/sdk/models/shared/conversionrate.md
  - docs/sdk/models/shared/catalogofferings.md
  - docs/sdk/models/shared/catalogoffering.md
  - docs/sdk/models/shared/termsandconditions.md
  - docs/sdk/models/shared/customerloyalty.md
  - docs/sdk/models/shared/productoptions.md
  - docs/sdk/models/shared/productid.md
  - docs/sdk/models/shared/pricedetail.md
  - docs/sdk/models/shared/vendorcurrencytotal.md
  - docs/sdk/models/shared/currencysourceenum.md
  - docs/sdk/models/shared/taxes.md
  - docs/sdk/models/shared/taxinfo.md
  - docs/sdk/models/shared/taxbreakdown.md
  - docs/sdk/models/shared/fees.md
  - docs/sdk/models/shared/pricebreakdown.md
  - docs/sdk/models/shared/commission.md
  - docs/sdk/models/shared/commissionenum.md
  - docs/sdk/models/shared/amount.md
  - docs/sdk/models/shared/ancillaryofferingid.md
  - docs/sdk/models/shared/catalogofferingsqueryrequesthospitalitywrapper.md
  - docs/sdk/models/shared/catalogofferingsqueryrequest.md
  - docs/sdk/models/shared/catalogofferingsrequesthospitality.md
  - docs/types/rfcdate.md
  - docs/sdk/models/shared/dateordatewindows.md
  - docs/sdk/models/shared/durationunitenum.md
  - docs/sdk/models/shared/searchcontrolconsolechannelid.md
  - docs/sdk/models/shared/currencyamount.md
  - docs/sdk/models/shared/hotelsearchcriterion.md
  - docs/sdk/models/shared/roomstaycandidates.md
  - docs/sdk/models/shared/roomstaycandidate.md
  - docs/sdk/models/shared/roomamenity.md
  - docs/sdk/models/shared/guestcounts.md
  - docs/sdk/models/shared/guestcount.md
  - docs/sdk/models/shared/ratecandidates.md
  - docs/sdk/models/shared/ratecandidate.md
  - docs/sdk/models/shared/ratecategoryenum.md
  - docs/sdk/models/shared/propertyrequest.md
  - docs/sdk/models/shared/propertykey.md
  - docs/sdk/models/shared/catalogofferingsquerybuildfrompropertieswrapper.md
  - docs/sdk/models/shared/catalogofferingsquerybuildfromproperties.md
  - docs/sdk/models/shared/buildfromproperties.md
  - docs/sdk/models/shared/reservationresponsewrapper.md
  - docs/sdk/models/shared/reservationresponse.md
  - docs/sdk/models/shared/reservationid.md
  - docs/sdk/models/shared/reservationquerybuildwrapper.md
  - docs/sdk/models/shared/reservationquerybuild.md
  - docs/sdk/models/shared/reservationbuild.md
  - docs/sdk/models/shared/travelerid.md
  - docs/sdk/models/shared/travelagency.md
  - docs/sdk/models/shared/organizationtypeenum.md
  - docs/sdk/models/shared/companyname.md
  - docs/sdk/models/shared/specialserviceid.md
  - docs/sdk/models/shared/reservationcommentid.md
  - docs/sdk/models/shared/receiptconfirmation.md
  - docs/sdk/models/shared/confirmation.md
  - docs/sdk/models/shared/primarycontactid.md
  - docs/sdk/models/shared/preferenceid.md
  - docs/sdk/models/shared/paymentid.md
  - docs/sdk/models/shared/formofpaymentid.md
  - docs/sdk/models/shared/documentoverridesid.md
  - docs/sdk/models/shared/accountingid.md
  - docs/sdk/models/shared/reservationdetailwrapper.md
  - docs/sdk/models/shared/reservationdetail.md
  - docs/sdk/models/shared/travelerproduct.md
  - docs/sdk/models/shared/confirmationstatusenum.md
  - docs/sdk/models/shared/traveler.md
  - docs/sdk/models/shared/genderenum.md
  - docs/sdk/models/shared/traveldocument.md
  - docs/sdk/models/shared/doctypecodeenum.md
  - docs/sdk/models/shared/personname.md
  - docs/sdk/models/shared/telephone.md
  - docs/sdk/models/shared/enumtelephonerole.md
  - docs/sdk/models/shared/raildiscountcard.md
  - docs/sdk/models/shared/email.md
  - docs/sdk/models/shared/yesnoinheritenum.md
  - docs/sdk/models/shared/optinstatusenum.md
  - docs/sdk/models/shared/comments.md
  - docs/sdk/models/shared/comment.md
  - docs/sdk/models/shared/alternatecontact.md
  - docs/sdk/models/shared/address.md
  - docs/sdk/models/shared/enumaddressrole.md
  - docs/sdk/models/shared/stateprov.md
  - docs/sdk/models/shared/addressstreetnumber.md
  - docs/sdk/models/shared/country.md
  - docs/sdk/models/shared/addressbldgroom.md
  - docs/sdk/models/shared/specialservice.md
  - docs/sdk/models/shared/traveleridentifier.md
  - docs/sdk/models/shared/status.md
  - docs/sdk/models/shared/appliesto.md
  - docs/sdk/models/shared/shoppingcart.md
  - docs/sdk/models/shared/productair.md
  - docs/sdk/models/shared/passengerflight.md
  - docs/sdk/models/shared/flightproduct.md
  - docs/sdk/models/shared/yesnounknownenum.md
  - docs/sdk/models/shared/faretypeenum.md
  - docs/sdk/models/shared/cabinairenum.md
  - docs/sdk/models/shared/farequalifierenum.md
  - docs/sdk/models/shared/farequalifierenumbase.md
  - docs/sdk/models/shared/customerloyaltycredit.md
  - docs/sdk/models/shared/classofserviceavailability.md
  - docs/sdk/models/shared/availabilitystatusenum.md
  - docs/sdk/models/shared/brandid.md
  - docs/sdk/models/shared/flightsegment.md
  - docs/sdk/models/shared/operationalstatusenum.md
  - docs/sdk/models/shared/operationalstatusenumbase.md
  - docs/sdk/models/shared/flightid.md
  - docs/sdk/models/shared/measurement.md
  - docs/sdk/models/shared/unitofmeasureenum.md
  - docs/sdk/models/shared/measurementtypeenum.md
  - docs/sdk/models/shared/reservationdisplaysequence.md
  - docs/sdk/models/shared/displaysequence.md
  - docs/sdk/models/shared/reservationcomment.md
  - docs/sdk/models/shared/sharewithenum.md
  - docs/sdk/models/shared/commentsourceenum.md
  - docs/sdk/models/shared/receipt.md
  - docs/sdk/models/shared/primarycontact.md
  - docs/sdk/models/shared/preference.md
  - docs/sdk/models/shared/payment.md
  - docs/sdk/models/shared/traveleridentifierref.md
  - docs/sdk/models/shared/offeridentifier.md
  - docs/sdk/models/shared/formofpaymentidentifier.md
  - docs/sdk/models/shared/extendedpayment.md
  - docs/sdk/models/shared/agencyservicefeeidentifier.md
  - docs/sdk/models/shared/organizationloyaltyprogram.md
  - docs/sdk/models/shared/offerlink.md
  - docs/sdk/models/shared/parentoffer.md
  - docs/sdk/models/shared/offer.md
  - docs/sdk/models/shared/termsandconditionsfull.md
  - docs/sdk/models/shared/textblock.md
  - docs/sdk/models/shared/textformatted.md
  - docs/sdk/models/shared/textformatenum.md
  - docs/sdk/models/shared/price.md
  - docs/sdk/models/shared/documentoverrides.md
  - docs/sdk/models/shared/tourcodes.md
  - docs/sdk/models/shared/tourcode.md
  - docs/sdk/models/shared/tourcodetypeenum.md
  - docs/sdk/models/shared/ticketdesignators.md
  - docs/sdk/models/shared/restrictions.md
  - docs/sdk/models/shared/documenttypeenum.md
  - docs/sdk/models/shared/productidentifier.md
  - docs/sdk/models/shared/netremitinfo.md
  - docs/sdk/models/shared/filedamount.md
  - docs/sdk/models/shared/destinationpurpose.md
  - docs/sdk/models/shared/purposeenum.md
  - docs/sdk/models/shared/destinationenum.md
  - docs/sdk/models/shared/commissions.md
  - docs/sdk/models/shared/commissionapplyenum.md
  - docs/sdk/models/shared/changefeecollectionmethod.md
  - docs/sdk/models/shared/changefeemethodenum.md
  - docs/sdk/models/shared/changefeemethodenumbase.md
  - docs/sdk/models/shared/agencyservicefee.md
  - docs/sdk/models/shared/tax.md
  - docs/sdk/models/shared/documentnumber.md
  - docs/sdk/models/shared/accounting.md
  - docs/sdk/models/shared/identifiertypeenum.md
  - docs/sdk/models/shared/offerhospitalityresponsewrapper.md
  - docs/sdk/models/shared/offerhospitalityresponse.md
  - docs/sdk/models/shared/offerquerybuildfromcatalogofferingshospitalitywrapper.md
  - docs/sdk/models/shared/offerquerybuildfromcatalogofferingshospitality.md
  - docs/sdk/models/shared/buildfromcatalogofferingsrequest.md
  - docs/sdk/models/shared/catalogofferingsidentifier.md
  - docs/sdk/models/shared/catalogofferingidentifier.md
  - docs/sdk/models/shared/ancillaryofferingidentifier.md
  - docs/sdk/models/shared/offerquerybuildfromcatalogofferingwrapper.md
  - docs/sdk/models/shared/offerquerybuildfromcatalogoffering.md
  - docs/sdk/models/shared/buildfromcatalogofferinghospitality.md
  - docs/sdk/models/shared/offerqueryhospitalityrequestwrapper.md
  - docs/sdk/models/shared/offerqueryhospitalityrequest.md
  - docs/sdk/models/shared/hotelaggregatorenum.md
  - docs/sdk/models/shared/propertiesresponsewrapper.md
  - docs/sdk/models/shared/propertiesresponse.md
  - docs/sdk/models/shared/properties.md
  - docs/sdk/models/shared/propertyinfo.md
  - docs/sdk/models/shared/propertydetail.md
  - docs/sdk/models/shared/virtualtour.md
  - docs/sdk/models/shared/textfree.md
  - docs/sdk/models/shared/restaurant.md
  - docs/sdk/models/shared/distance.md
  - docs/sdk/models/shared/unitofdistanceenum.md
  - docs/sdk/models/shared/rating.md
  - docs/sdk/models/shared/propertyamenity.md
  - docs/sdk/models/shared/operationtimes.md
  - docs/sdk/models/shared/dayofweekenum.md
  - docs/sdk/models/shared/petpolicy.md
  - docs/sdk/models/shared/texttitleanddescription.md
  - docs/sdk/models/shared/meetingrooms.md
  - docs/sdk/models/shared/meetingroom.md
  - docs/sdk/models/shared/unitofsize.md
  - docs/sdk/models/shared/image.md
  - docs/sdk/models/shared/pictureofenum.md
  - docs/sdk/models/shared/imagesizeenum.md
  - docs/sdk/models/shared/guestroominfo.md
  - docs/sdk/models/shared/geolocation.md
  - docs/sdk/models/shared/positionaccuracyenum.md
  - docs/sdk/models/shared/checkinoutpolicy.md
  - docs/sdk/models/shared/service.md
  - docs/sdk/models/shared/attraction.md
  - docs/sdk/models/shared/otacodewithdescription.md
  - docs/sdk/models/shared/maximumavailablerate.md
  - docs/sdk/models/shared/propertiesqueryspecificpropertylistwrapper.md
  - docs/sdk/models/shared/propertiesqueryspecificpropertylist.md
  - docs/sdk/models/shared/propertiesquerysearchwrapper.md
  - docs/sdk/models/shared/propertiesquerysearch.md
  - docs/sdk/models/shared/hotelsortorderenum.md
  - docs/sdk/models/shared/searchby.md
  - docs/sdk/models/shared/propertiesqueryspecificprecisionpropertylistwrapper.md
  - docs/sdk/models/shared/propertiesqueryspecificprecisionpropertylist.md
  - docs/sdk/models/shared/mealsincluded.md
  - docs/sdk/models/shared/propertiesqueryprecisionsearchwrapper.md
  - docs/sdk/models/shared/propertiesqueryprecisionsearch.md
  - docs/sdk/models/shared/security.md
  - docs/sdk/models/errors/baseresponse.md
  - docs/sdks/akarisbackend/README.md
  - docs/sdks/hotelavailability/README.md
  - docs/sdks/reservationhotel/README.md
  - docs/sdks/hotelrules/README.md
  - docs/sdks/searchhotel/README.md
  - docs/sdks/precisionsearchhotel/README.md
  - USAGE.md
  - .gitattributes
